// !$*UTF8*$!
{
	archiveVersion = 1;
	classes = {
	};
	objectVersion = 51;
	objects = {

/* Begin PBXBuildFile section */
		3F09A2252623E62F00AC4613 /* AppDelegate.swift in Sources */ = {isa = PBXBuildFile; fileRef = 3F09A2242623E62F00AC4613 /* AppDelegate.swift */; };
		3F09A2272623E62F00AC4613 /* SceneDelegate.swift in Sources */ = {isa = PBXBuildFile; fileRef = 3F09A2262623E62F00AC4613 /* SceneDelegate.swift */; };
		3F09A2292623E62F00AC4613 /* ViewController.swift in Sources */ = {isa = PBXBuildFile; fileRef = 3F09A2282623E62F00AC4613 /* ViewController.swift */; };
		3F09A22C2623E62F00AC4613 /* Main.storyboard in Resources */ = {isa = PBXBuildFile; fileRef = 3F09A22A2623E62F00AC4613 /* Main.storyboard */; };
		3F09A22E2623E63200AC4613 /* Assets.xcassets in Resources */ = {isa = PBXBuildFile; fileRef = 3F09A22D2623E63200AC4613 /* Assets.xcassets */; };
		3F09A2312623E63200AC4613 /* LaunchScreen.storyboard in Resources */ = {isa = PBXBuildFile; fileRef = 3F09A22F2623E63200AC4613 /* LaunchScreen.storyboard */; };
		3F09A23C2623F20F00AC4613 /* BotonUno.swift in Sources */ = {isa = PBXBuildFile; fileRef = 3F09A23B2623F20F00AC4613 /* BotonUno.swift */; };
		3FD98DCC2626913C00704EFC /* NVController.swift in Sources */ = {isa = PBXBuildFile; fileRef = 3FD98DCB2626913C00704EFC /* NVController.swift */; };
		3FD98DCF26269F7100704EFC /* CViewController.swift in Sources */ = {isa = PBXBuildFile; fileRef = 3FD98DCE26269F7100704EFC /* CViewController.swift */; };
		3FD98DE62626A5B000704EFC /* MVController.swift in Sources */ = {isa = PBXBuildFile; fileRef = 3FD98DE52626A5B000704EFC /* MVController.swift */; };
/* End PBXBuildFile section */

/* Begin PBXFileReference section */
		3F09A2212623E62F00AC4613 /* burguer_king_CAMS.app */ = {isa = PBXFileReference; explicitFileType = wrapper.application; includeInIndex = 0; path = burguer_king_CAMS.app; sourceTree = BUILT_PRODUCTS_DIR; };
		3F09A2242623E62F00AC4613 /* AppDelegate.swift */ = {isa = PBXFileReference; lastKnownFileType = sourcecode.swift; path = AppDelegate.swift; sourceTree = "<group>"; };
		3F09A2262623E62F00AC4613 /* SceneDelegate.swift */ = {isa = PBXFileReference; lastKnownFileType = sourcecode.swift; path = SceneDelegate.swift; sourceTree = "<group>"; };
		3F09A2282623E62F00AC4613 /* ViewController.swift */ = {isa = PBXFileReference; lastKnownFileType = sourcecode.swift; path = ViewController.swift; sourceTree = "<group>"; };
		3F09A22B2623E62F00AC4613 /* Base */ = {isa = PBXFileReference; lastKnownFileType = file.storyboard; name = Base; path = Base.lproj/Main.storyboard; sourceTree = "<group>"; };
		3F09A22D2623E63200AC4613 /* Assets.xcassets */ = {isa = PBXFileReference; lastKnownFileType = folder.assetcatalog; path = Assets.xcassets; sourceTree = "<group>"; };
		3F09A2302623E63200AC4613 /* Base */ = {isa = PBXFileReference; lastKnownFileType = file.storyboard; name = Base; path = Base.lproj/LaunchScreen.storyboard; sourceTree = "<group>"; };
		3F09A2322623E63200AC4613 /* Info.plist */ = {isa = PBXFileReference; lastKnownFileType = text.plist.xml; path = Info.plist; sourceTree = "<group>"; };
		3F09A23B2623F20F00AC4613 /* BotonUno.swift */ = {isa = PBXFileReference; lastKnownFileType = sourcecode.swift; path = BotonUno.swift; sourceTree = "<group>"; };
		3FD98DCB2626913C00704EFC /* NVController.swift */ = {isa = PBXFileReference; lastKnownFileType = sourcecode.swift; path = NVController.swift; sourceTree = "<group>"; };
		3FD98DCE26269F7100704EFC /* CViewController.swift */ = {isa = PBXFileReference; lastKnownFileType = sourcecode.swift; path = CViewController.swift; sourceTree = "<group>"; };
		3FD98DE52626A5B000704EFC /* MVController.swift */ = {isa = PBXFileReference; lastKnownFileType = sourcecode.swift; path = MVController.swift; sourceTree = "<group>"; };
/* End PBXFileReference section */

/* Begin PBXFrameworksBuildPhase section */
		3F09A21E2623E62F00AC4613 /* Frameworks */ = {
			isa = PBXFrameworksBuildPhase;
			buildActionMask = 2147483647;
			files = (
			);
			runOnlyForDeploymentPostprocessing = 0;
		};
/* End PBXFrameworksBuildPhase section */

/* Begin PBXGroup section */
		3F09A2182623E62E00AC4613 = {
			isa = PBXGroup;
			children = (
				3F09A2232623E62F00AC4613 /* burguer_king_CAMS */,
				3F09A2222623E62F00AC4613 /* Products */,
			);
			sourceTree = "<group>";
		};
		3F09A2222623E62F00AC4613 /* Products */ = {
			isa = PBXGroup;
			children = (
				3F09A2212623E62F00AC4613 /* burguer_king_CAMS.app */,
			);
			name = Products;
			sourceTree = "<group>";
		};
		3F09A2232623E62F00AC4613 /* burguer_king_CAMS */ = {
			isa = PBXGroup;
			children = (
				3F09A2242623E62F00AC4613 /* AppDelegate.swift */,
				3F09A2262623E62F00AC4613 /* SceneDelegate.swift */,
				3F09A2282623E62F00AC4613 /* ViewController.swift */,
				3F09A22A2623E62F00AC4613 /* Main.storyboard */,
				3FD98DCB2626913C00704EFC /* NVController.swift */,
				3FD98DE52626A5B000704EFC /* MVController.swift */,
				3FD98DCE26269F7100704EFC /* CViewController.swift */,
				3F09A23B2623F20F00AC4613 /* BotonUno.swift */,
				3F09A22D2623E63200AC4613 /* Assets.xcassets */,
				3F09A22F2623E63200AC4613 /* LaunchScreen.storyboard */,
				3F09A2322623E63200AC4613 /* Info.plist */,
			);
			path = burguer_king_CAMS;
			sourceTree = "<group>";
		};
/* End PBXGroup section */

/* Begin PBXNativeTarget section */
		3F09A2202623E62F00AC4613 /* burguer_king_CAMS */ = {
			isa = PBXNativeTarget;
			buildConfigurationList = 3F09A2352623E63200AC4613 /* Build configuration list for PBXNativeTarget "burguer_king_CAMS" */;
			buildPhases = (
				3F09A21D2623E62F00AC4613 /* Sources */,
				3F09A21E2623E62F00AC4613 /* Frameworks */,
				3F09A21F2623E62F00AC4613 /* Resources */,
			);
			buildRules = (
			);
			dependencies = (
			);
			name = burguer_king_CAMS;
			productName = burguer_king_CAMS;
			productReference = 3F09A2212623E62F00AC4613 /* burguer_king_CAMS.app */;
			productType = "com.apple.product-type.application";
		};
/* End PBXNativeTarget section */

/* Begin PBXProject section */
		3F09A2192623E62E00AC4613 /* Project object */ = {
			isa = PBXProject;
			attributes = {
				LastSwiftUpdateCheck = 1240;
				LastUpgradeCheck = 1240;
				TargetAttributes = {
					3F09A2202623E62F00AC4613 = {
						CreatedOnToolsVersion = 12.4;
					};
				};
			};
			buildConfigurationList = 3F09A21C2623E62E00AC4613 /* Build configuration list for PBXProject "burguer_king_CAMS" */;
			compatibilityVersion = "Xcode 9.3";
			developmentRegion = en;
			hasScannedForEncodings = 0;
			knownRegions = (
				en,
				Base,
			);
			mainGroup = 3F09A2182623E62E00AC4613;
			productRefGroup = 3F09A2222623E62F00AC4613 /* Products */;
			projectDirPath = "";
			projectRoot = "";
			targets = (
				3F09A2202623E62F00AC4613 /* burguer_king_CAMS */,
			);
		};
/* End PBXProject section */

/* Begin PBXResourcesBuildPhase section */
		3F09A21F2623E62F00AC4613 /* Resources */ = {
			isa = PBXResourcesBuildPhase;
			buildActionMask = 2147483647;
			files = (
				3F09A2312623E63200AC4613 /* LaunchScreen.storyboard in Resources */,
				3F09A22E2623E63200AC4613 /* Assets.xcassets in Resources */,
				3F09A22C2623E62F00AC4613 /* Main.storyboard in Resources */,
			);
			runOnlyForDeploymentPostprocessing = 0;
		};
/* End PBXResourcesBuildPhase section */

/* Begin PBXSourcesBuildPhase section */
		3F09A21D2623E62F00AC4613 /* Sources */ = {
			isa = PBXSourcesBuildPhase;
			buildActionMask = 2147483647;
			files = (
				3F09A2292623E62F00AC4613 /* ViewController.swift in Sources */,
				3F09A23C2623F20F00AC4613 /* BotonUno.swift in Sources */,
				3F09A2252623E62F00AC4613 /* AppDelegate.swift in Sources */,
				3FD98DE62626A5B000704EFC /* MVController.swift in Sources */,
				3FD98DCC2626913C00704EFC /* NVController.swift in Sources */,
				3FD98DCF26269F7100704EFC /* CViewController.swift in Sources */,
				3F09A2272623E62F00AC4613 /* SceneDelegate.swift in Sources */,
			);
			runOnlyForDeploymentPostprocessing = 0;
		};
/* End PBXSourcesBuildPhase section */

/* Begin PBXVariantGroup section */
		3F09A22A2623E62F00AC4613 /* Main.storyboard */ = {
			isa = PBXVariantGroup;
			children = (
				3F09A22B2623E62F00AC4613 /* Base */,
			);
			name = Main.storyboard;
			sourceTree = "<group>";
		};
		3F09A22F2623E63200AC4613 /* LaunchScreen.storyboard */ = {
			isa = PBXVariantGroup;
			children = (
				3F09A2302623E63200AC4613 /* Base */,
			);
			name = LaunchScreen.storyboard;
			sourceTree = "<group>";
		};
/* End PBXVariantGroup section */

/* Begin XCBuildConfiguration section */
		3F09A2332623E63200AC4613 /* Debug */ = {
			isa = XCBuildConfiguration;
			buildSettings = {
				ALWAYS_SEARCH_USER_PATHS = NO;
				CLANG_ANALYZER_NONNULL = YES;
				CLANG_ANALYZER_NUMBER_OBJECT_CONVERSION = YES_AGGRESSIVE;
				CLANG_CXX_LANGUAGE_STANDARD = "gnu++14";
				CLANG_CXX_LIBRARY = "libc++";
				CLANG_ENABLE_MODULES = YES;
				CLANG_ENABLE_OBJC_ARC = YES;
				CLANG_ENABLE_OBJC_WEAK = YES;
				CLANG_WARN_BLOCK_CAPTURE_AUTORELEASING = YES;
				CLANG_WARN_BOOL_CONVERSION = YES;
				CLANG_WARN_COMMA = YES;
				CLANG_WARN_CONSTANT_CONVERSION = YES;
				CLANG_WARN_DEPRECATED_OBJC_IMPLEMENTATIONS = YES;
				CLANG_WARN_DIRECT_OBJC_ISA_USAGE = YES_ERROR;
				CLANG_WARN_DOCUMENTATION_COMMENTS = YES;
				CLANG_WARN_EMPTY_BODY = YES;
				CLANG_WARN_ENUM_CONVERSION = YES;
				CLANG_WARN_INFINITE_RECURSION = YES;
				CLANG_WARN_INT_CONVERSION = YES;
				CLANG_WARN_NON_LITERAL_NULL_CONVERSION = YES;
				CLANG_WARN_OBJC_IMPLICIT_RETAIN_SELF = YES;
				CLANG_WARN_OBJC_LITERAL_CONVERSION = YES;
				CLANG_WARN_OBJC_ROOT_CLASS = YES_ERROR;
				CLANG_WARN_QUOTED_INCLUDE_IN_FRAMEWORK_HEADER = YES;
				CLANG_WARN_RANGE_LOOP_ANALYSIS = YES;
				CLANG_WARN_STRICT_PROTOTYPES = YES;
				CLANG_WARN_SUSPICIOUS_MOVE = YES;
				CLANG_WARN_UNGUARDED_AVAILABILITY = YES_AGGRESSIVE;
				CLANG_WARN_UNREACHABLE_CODE = YES;
				CLANG_WARN__DUPLICATE_METHOD_MATCH = YES;
				COPY_PHASE_STRIP = NO;
				DEBUG_INFORMATION_FORMAT = dwarf;
				ENABLE_STRICT_OBJC_MSGSEND = YES;
				ENABLE_TESTABILITY = YES;
				GCC_C_LANGUAGE_STANDARD = gnu11;
				GCC_DYNAMIC_NO_PIC = NO;
				GCC_NO_COMMON_BLOCKS = YES;
				GCC_OPTIMIZATION_LEVEL = 0;
				GCC_PREPROCESSOR_DEFINITIONS = (
					"DEBUG=1",
					"$(inherited)",
				);
				GCC_WARN_64_TO_32_BIT_CONVERSION = YES;
				GCC_WARN_ABOUT_RETURN_TYPE = YES_ERROR;
				GCC_WARN_UNDECLARED_SELECTOR = YES;
				GCC_WARN_UNINITIALIZED_AUTOS = YES_AGGRESSIVE;
				GCC_WARN_UNUSED_FUNCTION = YES;
				GCC_WARN_UNUSED_VARIABLE = YES;
				IPHONEOS_DEPLOYMENT_TARGET = 14.1;
				MTL_ENABLE_DEBUG_INFO = INCLUDE_SOURCE;
				MTL_FAST_MATH = YES;
				ONLY_ACTIVE_ARCH = YES;
				SDKROOT = iphoneos;
				SWIFT_ACTIVE_COMPILATION_CONDITIONS = DEBUG;
				SWIFT_OPTIMIZATION_LEVEL = "-Onone";
			};
			name = Debug;
		};
		3F09A2342623E63200AC4613 /* Release */ = {
			isa = XCBuildConfiguration;
			buildSettings = {
				ALWAYS_SEARCH_USER_PATHS = NO;
				CLANG_ANALYZER_NONNULL = YES;
				CLANG_ANALYZER_NUMBER_OBJECT_CONVERSION = YES_AGGRESSIVE;
				CLANG_CXX_LANGUAGE_STANDARD = "gnu++14";
				CLANG_CXX_LIBRARY = "libc++";
				CLANG_ENABLE_MODULES = YES;
				CLANG_ENABLE_OBJC_ARC = YES;
				CLANG_ENABLE_OBJC_WEAK = YES;
				CLANG_WARN_BLOCK_CAPTURE_AUTORELEASING = YES;
				CLANG_WARN_BOOL_CONVERSION = YES;
				CLANG_WARN_COMMA = YES;
				CLANG_WARN_CONSTANT_CONVERSION = YES;
				CLANG_WARN_DEPRECATED_OBJC_IMPLEMENTATIONS = YES;
				CLANG_WARN_DIRECT_OBJC_ISA_USAGE = YES_ERROR;
				CLANG_WARN_DOCUMENTATION_COMMENTS = YES;
				CLANG_WARN_EMPTY_BODY = YES;
				CLANG_WARN_ENUM_CONVERSION = YES;
				CLANG_WARN_INFINITE_RECURSION = YES;
				CLANG_WARN_INT_CONVERSION = YES;
				CLANG_WARN_NON_LITERAL_NULL_CONVERSION = YES;
				CLANG_WARN_OBJC_IMPLICIT_RETAIN_SELF = YES;
				CLANG_WARN_OBJC_LITERAL_CONVERSION = YES;
				CLANG_WARN_OBJC_ROOT_CLASS = YES_ERROR;
				CLANG_WARN_QUOTED_INCLUDE_IN_FRAMEWORK_HEADER = YES;
				CLANG_WARN_RANGE_LOOP_ANALYSIS = YES;
				CLANG_WARN_STRICT_PROTOTYPES = YES;
				CLANG_WARN_SUSPICIOUS_MOVE = YES;
				CLANG_WARN_UNGUARDED_AVAILABILITY = YES_AGGRESSIVE;
				CLANG_WARN_UNREACHABLE_CODE = YES;
				CLANG_WARN__DUPLICATE_METHOD_MATCH = YES;
				COPY_PHASE_STRIP = NO;
				DEBUG_INFORMATION_FORMAT = "dwarf-with-dsym";
				ENABLE_NS_ASSERTIONS = NO;
				ENABLE_STRICT_OBJC_MSGSEND = YES;
				GCC_C_LANGUAGE_STANDARD = gnu11;
				GCC_NO_COMMON_BLOCKS = YES;
				GCC_WARN_64_TO_32_BIT_CONVERSION = YES;
				GCC_WARN_ABOUT_RETURN_TYPE = YES_ERROR;
				GCC_WARN_UNDECLARED_SELECTOR = YES;
				GCC_WARN_UNINITIALIZED_AUTOS = YES_AGGRESSIVE;
				GCC_WARN_UNUSED_FUNCTION = YES;
				GCC_WARN_UNUSED_VARIABLE = YES;
				IPHONEOS_DEPLOYMENT_TARGET = 14.1;
				MTL_ENABLE_DEBUG_INFO = NO;
				MTL_FAST_MATH = YES;
				SDKROOT = iphoneos;
				SWIFT_COMPILATION_MODE = wholemodule;
				SWIFT_OPTIMIZATION_LEVEL = "-O";
				VALIDATE_PRODUCT = YES;
			};
			name = Release;
		};
		3F09A2362623E63200AC4613 /* Debug */ = {
			isa = XCBuildConfiguration;
			buildSettings = {
				ASSETCATALOG_COMPILER_APPICON_NAME = AppIcon;
				ASSETCATALOG_COMPILER_GLOBAL_ACCENT_COLOR_NAME = AccentColor;
				CODE_SIGN_STYLE = Automatic;
				INFOPLIST_FILE = burguer_king_CAMS/Info.plist;
				IPHONEOS_DEPLOYMENT_TARGET = 13.6;
				LD_RUNPATH_SEARCH_PATHS = (
					"$(inherited)",
					"@executable_path/Frameworks",
				);
				PRODUCT_BUNDLE_IDENTIFIER = "com.caramysan.burguer-king-CAMS";
				PRODUCT_NAME = "$(TARGET_NAME)";
				SWIFT_VERSION = 5.0;
				TARGETED_DEVICE_FAMILY = 1;
			};
			name = Debug;
		};
		3F09A2372623E63200AC4613 /* Release */ = {
			isa = XCBuildConfiguration;
			buildSettings = {
				ASSETCATALOG_COMPILER_APPICON_NAME = AppIcon;
				ASSETCATALOG_COMPILER_GLOBAL_ACCENT_COLOR_NAME = AccentColor;
				CODE_SIGN_STYLE = Automatic;
				INFOPLIST_FILE = burguer_king_CAMS/Info.plist;
				IPHONEOS_DEPLOYMENT_TARGET = 13.6;
				LD_RUNPATH_SEARCH_PATHS = (
					"$(inherited)",
					"@executable_path/Frameworks",
				);
				PRODUCT_BUNDLE_IDENTIFIER = "com.caramysan.burguer-king-CAMS";
				PRODUCT_NAME = "$(TARGET_NAME)";
				SWIFT_VERSION = 5.0;
				TARGETED_DEVICE_FAMILY = 1;
			};
			name = Release;
		};
/* End XCBuildConfiguration section */

/* Begin XCConfigurationList section */
		3F09A21C2623E62E00AC4613 /* Build configuration list for PBXProject "burguer_king_CAMS" */ = {
			isa = XCConfigurationList;
			buildConfigurations = (
				3F09A2332623E63200AC4613 /* Debug */,
				3F09A2342623E63200AC4613 /* Release */,
			);
			defaultConfigurationIsVisible = 0;
			defaultConfigurationName = Release;
		};
		3F09A2352623E63200AC4613 /* Build configuration list for PBXNativeTarget "burguer_king_CAMS" */ = {
			isa = XCConfigurationList;
			buildConfigurations = (
				3F09A2362623E63200AC4613 /* Debug */,
				3F09A2372623E63200AC4613 /* Release */,
			);
			defaultConfigurationIsVisible = 0;
			defaultConfigurationName = Release;
		};
/* End XCConfigurationList section */
	};
	rootObject = 3F09A2192623E62E00AC4613 /* Project object */;
}
